
Microsoft Visual Studio Solution File, Format Version 12.00
# Visual Studio 2013
VisualStudioVersion = 12.0.30723.0
MinimumVisualStudioVersion = 10.0.40219.1
Project("{E24C65DC-7377-472B-9ABA-BC803B73C61A}") = "deeptissuejs", "http://localhost:59409", "{6F90BA92-7562-4B2E-90B2-1CD7BA6B70AA}"
	ProjectSection(WebsiteProperties) = preProject
		UseIISExpress = "true"
		TargetFrameworkMoniker = ".NETFramework,Version%3Dv4.0"
		Debug.AspNetCompiler.VirtualPath = "/localhost_59409"
		Debug.AspNetCompiler.PhysicalPath = "..\deeptissuejs\"
		Debug.AspNetCompiler.TargetPath = "PrecompiledWeb\localhost_59409\"
		Debug.AspNetCompiler.Updateable = "true"
		Debug.AspNetCompiler.ForceOverwrite = "true"
		Debug.AspNetCompiler.FixedNames = "false"
		Debug.AspNetCompiler.Debug = "True"
		Release.AspNetCompiler.VirtualPath = "/localhost_59409"
		Release.AspNetCompiler.PhysicalPath = "..\deeptissuejs\"
		Release.AspNetCompiler.TargetPath = "PrecompiledWeb\localhost_59409\"
		Release.AspNetCompiler.Updateable = "true"
		Release.AspNetCompiler.ForceOverwrite = "true"
		Release.AspNetCompiler.FixedNames = "false"
		Release.AspNetCompiler.Debug = "False"
		SlnRelativePath = "..\deeptissuejs\"
	EndProjectSection
EndProject
Global
	GlobalSection(SolutionConfigurationPlatforms) = preSolution
		Debug|Any CPU = Debug|Any CPU
	EndGlobalSection
	GlobalSection(ProjectConfigurationPlatforms) = postSolution
		{6F90BA92-7562-4B2E-90B2-1CD7BA6B70AA}.Debug|Any CPU.ActiveCfg = Debug|Any CPU
		{6F90BA92-7562-4B2E-90B2-1CD7BA6B70AA}.Debug|Any CPU.Build.0 = Debug|Any CPU
	EndGlobalSection
	GlobalSection(SolutionProperties) = preSolution
		HideSolutionNode = FALSE
	EndGlobalSection
EndGlobal
